// !$*UTF8*$!
{
	archiveVersion = 1;
	classes = {
	};
	objectVersion = 50;
	objects = {

/* Begin PBXBuildFile section */
		81DDD72D2452EEFC00A899E4 /* AppDelegate.swift in Sources */ = {isa = PBXBuildFile; fileRef = 81DDD72C2452EEFC00A899E4 /* AppDelegate.swift */; };
		81DDD72F2452EEFC00A899E4 /* SceneDelegate.swift in Sources */ = {isa = PBXBuildFile; fileRef = 81DDD72E2452EEFC00A899E4 /* SceneDelegate.swift */; };
		81DDD7312452EEFC00A899E4 /* ContentView.swift in Sources */ = {isa = PBXBuildFile; fileRef = 81DDD7302452EEFC00A899E4 /* ContentView.swift */; };
		81DDD7332452EEFE00A899E4 /* Assets.xcassets in Resources */ = {isa = PBXBuildFile; fileRef = 81DDD7322452EEFE00A899E4 /* Assets.xcassets */; };
		81DDD7362452EEFE00A899E4 /* Preview Assets.xcassets in Resources */ = {isa = PBXBuildFile; fileRef = 81DDD7352452EEFE00A899E4 /* Preview Assets.xcassets */; };
		81DDD7392452EEFE00A899E4 /* LaunchScreen.storyboard in Resources */ = {isa = PBXBuildFile; fileRef = 81DDD7372452EEFE00A899E4 /* LaunchScreen.storyboard */; };
		81DDD7442452EEFE00A899E4 /* testvideoappTests.swift in Sources */ = {isa = PBXBuildFile; fileRef = 81DDD7432452EEFE00A899E4 /* testvideoappTests.swift */; };
		81DDD74F2452EEFF00A899E4 /* testvideoappUITests.swift in Sources */ = {isa = PBXBuildFile; fileRef = 81DDD74E2452EEFF00A899E4 /* testvideoappUITests.swift */; };
/* End PBXBuildFile section */

/* Begin PBXContainerItemProxy section */
		81DDD7402452EEFE00A899E4 /* PBXContainerItemProxy */ = {
			isa = PBXContainerItemProxy;
			containerPortal = 81DDD7212452EEFC00A899E4 /* Project object */;
			proxyType = 1;
			remoteGlobalIDString = 81DDD7282452EEFC00A899E4;
			remoteInfo = testvideoapp;
		};
		81DDD74B2452EEFF00A899E4 /* PBXContainerItemProxy */ = {
			isa = PBXContainerItemProxy;
			containerPortal = 81DDD7212452EEFC00A899E4 /* Project object */;
			proxyType = 1;
			remoteGlobalIDString = 81DDD7282452EEFC00A899E4;
			remoteInfo = testvideoapp;
		};
/* End PBXContainerItemProxy section */

/* Begin PBXFileReference section */
		81DDD7292452EEFC00A899E4 /* testvideoapp.app */ = {isa = PBXFileReference; explicitFileType = wrapper.application; includeInIndex = 0; path = testvideoapp.app; sourceTree = BUILT_PRODUCTS_DIR; };
		81DDD72C2452EEFC00A899E4 /* AppDelegate.swift */ = {isa = PBXFileReference; lastKnownFileType = sourcecode.swift; path = AppDelegate.swift; sourceTree = "<group>"; };
		81DDD72E2452EEFC00A899E4 /* SceneDelegate.swift */ = {isa = PBXFileReference; lastKnownFileType = sourcecode.swift; path = SceneDelegate.swift; sourceTree = "<group>"; };
		81DDD7302452EEFC00A899E4 /* ContentView.swift */ = {isa = PBXFileReference; lastKnownFileType = sourcecode.swift; path = ContentView.swift; sourceTree = "<group>"; };
		81DDD7322452EEFE00A899E4 /* Assets.xcassets */ = {isa = PBXFileReference; lastKnownFileType = folder.assetcatalog; path = Assets.xcassets; sourceTree = "<group>"; };
		81DDD7352452EEFE00A899E4 /* Preview Assets.xcassets */ = {isa = PBXFileReference; lastKnownFileType = folder.assetcatalog; path = "Preview Assets.xcassets"; sourceTree = "<group>"; };
		81DDD7382452EEFE00A899E4 /* Base */ = {isa = PBXFileReference; lastKnownFileType = file.storyboard; name = Base; path = Base.lproj/LaunchScreen.storyboard; sourceTree = "<group>"; };
		81DDD73A2452EEFE00A899E4 /* Info.plist */ = {isa = PBXFileReference; lastKnownFileType = text.plist.xml; path = Info.plist; sourceTree = "<group>"; };
		81DDD73F2452EEFE00A899E4 /* testvideoappTests.xctest */ = {isa = PBXFileReference; explicitFileType = wrapper.cfbundle; includeInIndex = 0; path = testvideoappTests.xctest; sourceTree = BUILT_PRODUCTS_DIR; };
		81DDD7432452EEFE00A899E4 /* testvideoappTests.swift */ = {isa = PBXFileReference; lastKnownFileType = sourcecode.swift; path = testvideoappTests.swift; sourceTree = "<group>"; };
		81DDD7452452EEFE00A899E4 /* Info.plist */ = {isa = PBXFileReference; lastKnownFileType = text.plist.xml; path = Info.plist; sourceTree = "<group>"; };
		81DDD74A2452EEFF00A899E4 /* testvideoappUITests.xctest */ = {isa = PBXFileReference; explicitFileType = wrapper.cfbundle; includeInIndex = 0; path = testvideoappUITests.xctest; sourceTree = BUILT_PRODUCTS_DIR; };
		81DDD74E2452EEFF00A899E4 /* testvideoappUITests.swift */ = {isa = PBXFileReference; lastKnownFileType = sourcecode.swift; path = testvideoappUITests.swift; sourceTree = "<group>"; };
		81DDD7502452EEFF00A899E4 /* Info.plist */ = {isa = PBXFileReference; lastKnownFileType = text.plist.xml; path = Info.plist; sourceTree = "<group>"; };
/* End PBXFileReference section */

/* Begin PBXFrameworksBuildPhase section */
		81DDD7262452EEFC00A899E4 /* Frameworks */ = {
			isa = PBXFrameworksBuildPhase;
			buildActionMask = 2147483647;
			files = (
			);
			runOnlyForDeploymentPostprocessing = 0;
		};
		81DDD73C2452EEFE00A899E4 /* Frameworks */ = {
			isa = PBXFrameworksBuildPhase;
			buildActionMask = 2147483647;
			files = (
			);
			runOnlyForDeploymentPostprocessing = 0;
		};
		81DDD7472452EEFF00A899E4 /* Frameworks */ = {
			isa = PBXFrameworksBuildPhase;
			buildActionMask = 2147483647;
			files = (
			);
			runOnlyForDeploymentPostprocessing = 0;
		};
/* End PBXFrameworksBuildPhase section */

/* Begin PBXGroup section */
		81DDD7202452EEFC00A899E4 = {
			isa = PBXGroup;
			children = (
				81DDD72B2452EEFC00A899E4 /* testvideoapp */,
				81DDD7422452EEFE00A899E4 /* testvideoappTests */,
				81DDD74D2452EEFF00A899E4 /* testvideoappUITests */,
				81DDD72A2452EEFC00A899E4 /* Products */,
			);
			sourceTree = "<group>";
		};
		81DDD72A2452EEFC00A899E4 /* Products */ = {
			isa = PBXGroup;
			children = (
				81DDD7292452EEFC00A899E4 /* testvideoapp.app */,
				81DDD73F2452EEFE00A899E4 /* testvideoappTests.xctest */,
				81DDD74A2452EEFF00A899E4 /* testvideoappUITests.xctest */,
			);
			name = Products;
			sourceTree = "<group>";
		};
		81DDD72B2452EEFC00A899E4 /* testvideoapp */ = {
			isa = PBXGroup;
			children = (
				81DDD72C2452EEFC00A899E4 /* AppDelegate.swift */,
				81DDD72E2452EEFC00A899E4 /* SceneDelegate.swift */,
				81DDD7302452EEFC00A899E4 /* ContentView.swift */,
				81DDD7322452EEFE00A899E4 /* Assets.xcassets */,
				81DDD7372452EEFE00A899E4 /* LaunchScreen.storyboard */,
				81DDD73A2452EEFE00A899E4 /* Info.plist */,
				81DDD7342452EEFE00A899E4 /* Preview Content */,
			);
			path = testvideoapp;
			sourceTree = "<group>";
		};
		81DDD7342452EEFE00A899E4 /* Preview Content */ = {
			isa = PBXGroup;
			children = (
				81DDD7352452EEFE00A899E4 /* Preview Assets.xcassets */,
			);
			path = "Preview Content";
			sourceTree = "<group>";
		};
		81DDD7422452EEFE00A899E4 /* testvideoappTests */ = {
			isa = PBXGroup;
			children = (
				81DDD7432452EEFE00A899E4 /* testvideoappTests.swift */,
				81DDD7452452EEFE00A899E4 /* Info.plist */,
			);
			path = testvideoappTests;
			sourceTree = "<group>";
		};
		81DDD74D2452EEFF00A899E4 /* testvideoappUITests */ = {
			isa = PBXGroup;
			children = (
				81DDD74E2452EEFF00A899E4 /* testvideoappUITests.swift */,
				81DDD7502452EEFF00A899E4 /* Info.plist */,
			);
			path = testvideoappUITests;
			sourceTree = "<group>";
		};
/* End PBXGroup section */

/* Begin PBXNativeTarget section */
		81DDD7282452EEFC00A899E4 /* testvideoapp */ = {
			isa = PBXNativeTarget;
			buildConfigurationList = 81DDD7532452EEFF00A899E4 /* Build configuration list for PBXNativeTarget "testvideoapp" */;
			buildPhases = (
				81DDD7252452EEFC00A899E4 /* Sources */,
				81DDD7262452EEFC00A899E4 /* Frameworks */,
				81DDD7272452EEFC00A899E4 /* Resources */,
			);
			buildRules = (
			);
			dependencies = (
			);
			name = testvideoapp;
			productName = testvideoapp;
			productReference = 81DDD7292452EEFC00A899E4 /* testvideoapp.app */;
			productType = "com.apple.product-type.application";
		};
		81DDD73E2452EEFE00A899E4 /* testvideoappTests */ = {
			isa = PBXNativeTarget;
			buildConfigurationList = 81DDD7562452EEFF00A899E4 /* Build configuration list for PBXNativeTarget "testvideoappTests" */;
			buildPhases = (
				81DDD73B2452EEFE00A899E4 /* Sources */,
				81DDD73C2452EEFE00A899E4 /* Frameworks */,
				81DDD73D2452EEFE00A899E4 /* Resources */,
			);
			buildRules = (
			);
			dependencies = (
				81DDD7412452EEFE00A899E4 /* PBXTargetDependency */,
			);
			name = testvideoappTests;
			productName = testvideoappTests;
			productReference = 81DDD73F2452EEFE00A899E4 /* testvideoappTests.xctest */;
			productType = "com.apple.product-type.bundle.unit-test";
		};
		81DDD7492452EEFF00A899E4 /* testvideoappUITests */ = {
			isa = PBXNativeTarget;
			buildConfigurationList = 81DDD7592452EEFF00A899E4 /* Build configuration list for PBXNativeTarget "testvideoappUITests" */;
			buildPhases = (
				81DDD7462452EEFF00A899E4 /* Sources */,
				81DDD7472452EEFF00A899E4 /* Frameworks */,
				81DDD7482452EEFF00A899E4 /* Resources */,
			);
			buildRules = (
			);
			dependencies = (
				81DDD74C2452EEFF00A899E4 /* PBXTargetDependency */,
			);
			name = testvideoappUITests;
			productName = testvideoappUITests;
			productReference = 81DDD74A2452EEFF00A899E4 /* testvideoappUITests.xctest */;
			productType = "com.apple.product-type.bundle.ui-testing";
		};
/* End PBXNativeTarget section */

/* Begin PBXProject section */
		81DDD7212452EEFC00A899E4 /* Project object */ = {
			isa = PBXProject;
			attributes = {
				LastSwiftUpdateCheck = 1140;
				LastUpgradeCheck = 1140;
				ORGANIZATIONNAME = puhuan;
				TargetAttributes = {
					81DDD7282452EEFC00A899E4 = {
						CreatedOnToolsVersion = 11.4.1;
					};
					81DDD73E2452EEFE00A899E4 = {
						CreatedOnToolsVersion = 11.4.1;
						TestTargetID = 81DDD7282452EEFC00A899E4;
					};
					81DDD7492452EEFF00A899E4 = {
						CreatedOnToolsVersion = 11.4.1;
						TestTargetID = 81DDD7282452EEFC00A899E4;
					};
				};
			};
			buildConfigurationList = 81DDD7242452EEFC00A899E4 /* Build configuration list for PBXProject "testvideoapp" */;
			compatibilityVersion = "Xcode 9.3";
			developmentRegion = en;
			hasScannedForEncodings = 0;
			knownRegions = (
				en,
				Base,
			);
			mainGroup = 81DDD7202452EEFC00A899E4;
			productRefGroup = 81DDD72A2452EEFC00A899E4 /* Products */;
			projectDirPath = "";
			projectRoot = "";
			targets = (
				81DDD7282452EEFC00A899E4 /* testvideoapp */,
				81DDD73E2452EEFE00A899E4 /* testvideoappTests */,
				81DDD7492452EEFF00A899E4 /* testvideoappUITests */,
			);
		};
/* End PBXProject section */

/* Begin PBXResourcesBuildPhase section */
		81DDD7272452EEFC00A899E4 /* Resources */ = {
			isa = PBXResourcesBuildPhase;
			buildActionMask = 2147483647;
			files = (
				81DDD7392452EEFE00A899E4 /* LaunchScreen.storyboard in Resources */,
				81DDD7362452EEFE00A899E4 /* Preview Assets.xcassets in Resources */,
				81DDD7332452EEFE00A899E4 /* Assets.xcassets in Resources */,
			);
			runOnlyForDeploymentPostprocessing = 0;
		};
		81DDD73D2452EEFE00A899E4 /* Resources */ = {
			isa = PBXResourcesBuildPhase;
			buildActionMask = 2147483647;
			files = (
			);
			runOnlyForDeploymentPostprocessing = 0;
		};
		81DDD7482452EEFF00A899E4 /* Resources */ = {
			isa = PBXResourcesBuildPhase;
			buildActionMask = 2147483647;
			files = (
			);
			runOnlyForDeploymentPostprocessing = 0;
		};
/* End PBXResourcesBuildPhase section */

/* Begin PBXSourcesBuildPhase section */
		81DDD7252452EEFC00A899E4 /* Sources */ = {
			isa = PBXSourcesBuildPhase;
			buildActionMask = 2147483647;
			files = (
				81DDD72D2452EEFC00A899E4 /* AppDelegate.swift in Sources */,
				81DDD72F2452EEFC00A899E4 /* SceneDelegate.swift in Sources */,
				81DDD7312452EEFC00A899E4 /* ContentView.swift in Sources */,
			);
			runOnlyForDeploymentPostprocessing = 0;
		};
		81DDD73B2452EEFE00A899E4 /* Sources */ = {
			isa = PBXSourcesBuildPhase;
			buildActionMask = 2147483647;
			files = (
				81DDD7442452EEFE00A899E4 /* testvideoappTests.swift in Sources */,
			);
			runOnlyForDeploymentPostprocessing = 0;
		};
		81DDD7462452EEFF00A899E4 /* Sources */ = {
			isa = PBXSourcesBuildPhase;
			buildActionMask = 2147483647;
			files = (
				81DDD74F2452EEFF00A899E4 /* testvideoappUITests.swift in Sources */,
			);
			runOnlyForDeploymentPostprocessing = 0;
		};
/* End PBXSourcesBuildPhase section */

/* Begin PBXTargetDependency section */
		81DDD7412452EEFE00A899E4 /* PBXTargetDependency */ = {
			isa = PBXTargetDependency;
			target = 81DDD7282452EEFC00A899E4 /* testvideoapp */;
			targetProxy = 81DDD7402452EEFE00A899E4 /* PBXContainerItemProxy */;
		};
		81DDD74C2452EEFF00A899E4 /* PBXTargetDependency */ = {
			isa = PBXTargetDependency;
			target = 81DDD7282452EEFC00A899E4 /* testvideoapp */;
			targetProxy = 81DDD74B2452EEFF00A899E4 /* PBXContainerItemProxy */;
		};
/* End PBXTargetDependency section */

/* Begin PBXVariantGroup section */
		81DDD7372452EEFE00A899E4 /* LaunchScreen.storyboard */ = {
			isa = PBXVariantGroup;
			children = (
				81DDD7382452EEFE00A899E4 /* Base */,
			);
			name = LaunchScreen.storyboard;
			sourceTree = "<group>";
		};
/* End PBXVariantGroup section */

/* Begin XCBuildConfiguration section */
		81DDD7512452EEFF00A899E4 /* Debug */ = {
			isa = XCBuildConfiguration;
			buildSettings = {
				ALWAYS_SEARCH_USER_PATHS = NO;
				CLANG_ANALYZER_NONNULL = YES;
				CLANG_ANALYZER_NUMBER_OBJECT_CONVERSION = YES_AGGRESSIVE;
				CLANG_CXX_LANGUAGE_STANDARD = "gnu++14";
				CLANG_CXX_LIBRARY = "libc++";
				CLANG_ENABLE_MODULES = YES;
				CLANG_ENABLE_OBJC_ARC = YES;
				CLANG_ENABLE_OBJC_WEAK = YES;
				CLANG_WARN_BLOCK_CAPTURE_AUTORELEASING = YES;
				CLANG_WARN_BOOL_CONVERSION = YES;
				CLANG_WARN_COMMA = YES;
				CLANG_WARN_CONSTANT_CONVERSION = YES;
				CLANG_WARN_DEPRECATED_OBJC_IMPLEMENTATIONS = YES;
				CLANG_WARN_DIRECT_OBJC_ISA_USAGE = YES_ERROR;
				CLANG_WARN_DOCUMENTATION_COMMENTS = YES;
				CLANG_WARN_EMPTY_BODY = YES;
				CLANG_WARN_ENUM_CONVERSION = YES;
				CLANG_WARN_INFINITE_RECURSION = YES;
				CLANG_WARN_INT_CONVERSION = YES;
				CLANG_WARN_NON_LITERAL_NULL_CONVERSION = YES;
				CLANG_WARN_OBJC_IMPLICIT_RETAIN_SELF = YES;
				CLANG_WARN_OBJC_LITERAL_CONVERSION = YES;
				CLANG_WARN_OBJC_ROOT_CLASS = YES_ERROR;
				CLANG_WARN_RANGE_LOOP_ANALYSIS = YES;
				CLANG_WARN_STRICT_PROTOTYPES = YES;
				CLANG_WARN_SUSPICIOUS_MOVE = YES;
				CLANG_WARN_UNGUARDED_AVAILABILITY = YES_AGGRESSIVE;
				CLANG_WARN_UNREACHABLE_CODE = YES;
				CLANG_WARN__DUPLICATE_METHOD_MATCH = YES;
				COPY_PHASE_STRIP = NO;
				DEBUG_INFORMATION_FORMAT = dwarf;
				ENABLE_STRICT_OBJC_MSGSEND = YES;
				ENABLE_TESTABILITY = YES;
				GCC_C_LANGUAGE_STANDARD = gnu11;
				GCC_DYNAMIC_NO_PIC = NO;
				GCC_NO_COMMON_BLOCKS = YES;
				GCC_OPTIMIZATION_LEVEL = 0;
				GCC_PREPROCESSOR_DEFINITIONS = (
					"DEBUG=1",
					"$(inherited)",
				);
				GCC_WARN_64_TO_32_BIT_CONVERSION = YES;
				GCC_WARN_ABOUT_RETURN_TYPE = YES_ERROR;
				GCC_WARN_UNDECLARED_SELECTOR = YES;
				GCC_WARN_UNINITIALIZED_AUTOS = YES_AGGRESSIVE;
				GCC_WARN_UNUSED_FUNCTION = YES;
				GCC_WARN_UNUSED_VARIABLE = YES;
				IPHONEOS_DEPLOYMENT_TARGET = 13.4;
				MTL_ENABLE_DEBUG_INFO = INCLUDE_SOURCE;
				MTL_FAST_MATH = YES;
				ONLY_ACTIVE_ARCH = YES;
				SDKROOT = iphoneos;
				SWIFT_ACTIVE_COMPILATION_CONDITIONS = DEBUG;
				SWIFT_OPTIMIZATION_LEVEL = "-Onone";
			};
			name = Debug;
		};
		81DDD7522452EEFF00A899E4 /* Release */ = {
			isa = XCBuildConfiguration;
			buildSettings = {
				ALWAYS_SEARCH_USER_PATHS = NO;
				CLANG_ANALYZER_NONNULL = YES;
				CLANG_ANALYZER_NUMBER_OBJECT_CONVERSION = YES_AGGRESSIVE;
				CLANG_CXX_LANGUAGE_STANDARD = "gnu++14";
				CLANG_CXX_LIBRARY = "libc++";
				CLANG_ENABLE_MODULES = YES;
				CLANG_ENABLE_OBJC_ARC = YES;
				CLANG_ENABLE_OBJC_WEAK = YES;
				CLANG_WARN_BLOCK_CAPTURE_AUTORELEASING = YES;
				CLANG_WARN_BOOL_CONVERSION = YES;
				CLANG_WARN_COMMA = YES;
				CLANG_WARN_CONSTANT_CONVERSION = YES;
				CLANG_WARN_DEPRECATED_OBJC_IMPLEMENTATIONS = YES;
				CLANG_WARN_DIRECT_OBJC_ISA_USAGE = YES_ERROR;
				CLANG_WARN_DOCUMENTATION_COMMENTS = YES;
				CLANG_WARN_EMPTY_BODY = YES;
				CLANG_WARN_ENUM_CONVERSION = YES;
				CLANG_WARN_INFINITE_RECURSION = YES;
				CLANG_WARN_INT_CONVERSION = YES;
				CLANG_WARN_NON_LITERAL_NULL_CONVERSION = YES;
				CLANG_WARN_OBJC_IMPLICIT_RETAIN_SELF = YES;
				CLANG_WARN_OBJC_LITERAL_CONVERSION = YES;
				CLANG_WARN_OBJC_ROOT_CLASS = YES_ERROR;
				CLANG_WARN_RANGE_LOOP_ANALYSIS = YES;
				CLANG_WARN_STRICT_PROTOTYPES = YES;
				CLANG_WARN_SUSPICIOUS_MOVE = YES;
				CLANG_WARN_UNGUARDED_AVAILABILITY = YES_AGGRESSIVE;
				CLANG_WARN_UNREACHABLE_CODE = YES;
				CLANG_WARN__DUPLICATE_METHOD_MATCH = YES;
				COPY_PHASE_STRIP = NO;
				DEBUG_INFORMATION_FORMAT = "dwarf-with-dsym";
				ENABLE_NS_ASSERTIONS = NO;
				ENABLE_STRICT_OBJC_MSGSEND = YES;
				GCC_C_LANGUAGE_STANDARD = gnu11;
				GCC_NO_COMMON_BLOCKS = YES;
				GCC_WARN_64_TO_32_BIT_CONVERSION = YES;
				GCC_WARN_ABOUT_RETURN_TYPE = YES_ERROR;
				GCC_WARN_UNDECLARED_SELECTOR = YES;
				GCC_WARN_UNINITIALIZED_AUTOS = YES_AGGRESSIVE;
				GCC_WARN_UNUSED_FUNCTION = YES;
				GCC_WARN_UNUSED_VARIABLE = YES;
				IPHONEOS_DEPLOYMENT_TARGET = 13.4;
				MTL_ENABLE_DEBUG_INFO = NO;
				MTL_FAST_MATH = YES;
				SDKROOT = iphoneos;
				SWIFT_COMPILATION_MODE = wholemodule;
				SWIFT_OPTIMIZATION_LEVEL = "-O";
				VALIDATE_PRODUCT = YES;
			};
			name = Release;
		};
		81DDD7542452EEFF00A899E4 /* Debug */ = {
			isa = XCBuildConfiguration;
			buildSettings = {
				ASSETCATALOG_COMPILER_APPICON_NAME = AppIcon;
				CODE_SIGN_STYLE = Automatic;
				DEVELOPMENT_ASSET_PATHS = "\"testvideoapp/Preview Content\"";
				ENABLE_PREVIEWS = YES;
				INFOPLIST_FILE = testvideoapp/Info.plist;
				LD_RUNPATH_SEARCH_PATHS = (
					"$(inherited)",
					"@executable_path/Frameworks",
				);
				PRODUCT_BUNDLE_IDENTIFIER = freleap.testvideoapp;
				PRODUCT_NAME = "$(TARGET_NAME)";
				SWIFT_VERSION = 5.0;
				TARGETED_DEVICE_FAMILY = "1,2";
			};
			name = Debug;
		};
		81DDD7552452EEFF00A899E4 /* Release */ = {
			isa = XCBuildConfiguration;
			buildSettings = {
				ASSETCATALOG_COMPILER_APPICON_NAME = AppIcon;
				CODE_SIGN_STYLE = Automatic;
				DEVELOPMENT_ASSET_PATHS = "\"testvideoapp/Preview Content\"";
				ENABLE_PREVIEWS = YES;
				INFOPLIST_FILE = testvideoapp/Info.plist;
				LD_RUNPATH_SEARCH_PATHS = (
					"$(inherited)",
					"@executable_path/Frameworks",
				);
				PRODUCT_BUNDLE_IDENTIFIER = freleap.testvideoapp;
				PRODUCT_NAME = "$(TARGET_NAME)";
				SWIFT_VERSION = 5.0;
				TARGETED_DEVICE_FAMILY = "1,2";
			};
			name = Release;
		};
		81DDD7572452EEFF00A899E4 /* Debug */ = {
			isa = XCBuildConfiguration;
			buildSettings = {
				ALWAYS_EMBED_SWIFT_STANDARD_LIBRARIES = YES;
				BUNDLE_LOADER = "$(TEST_HOST)";
				CODE_SIGN_STYLE = Automatic;
				INFOPLIST_FILE = testvideoappTests/Info.plist;
				IPHONEOS_DEPLOYMENT_TARGET = 13.4;
				LD_RUNPATH_SEARCH_PATHS = (
					"$(inherited)",
					"@executable_path/Frameworks",
					"@loader_path/Frameworks",
				);
				PRODUCT_BUNDLE_IDENTIFIER = freleap.testvideoappTests;
				PRODUCT_NAME = "$(TARGET_NAME)";
				SWIFT_VERSION = 5.0;
				TARGETED_DEVICE_FAMILY = "1,2";
				TEST_HOST = "$(BUILT_PRODUCTS_DIR)/testvideoapp.app/testvideoapp";
			};
			name = Debug;
		};
		81DDD7582452EEFF00A899E4 /* Release */ = {
			isa = XCBuildConfiguration;
			buildSettings = {
				ALWAYS_EMBED_SWIFT_STANDARD_LIBRARIES = YES;
				BUNDLE_LOADER = "$(TEST_HOST)";
				CODE_SIGN_STYLE = Automatic;
				INFOPLIST_FILE = testvideoappTests/Info.plist;
				IPHONEOS_DEPLOYMENT_TARGET = 13.4;
				LD_RUNPATH_SEARCH_PATHS = (
					"$(inherited)",
					"@executable_path/Frameworks",
					"@loader_path/Frameworks",
				);
				PRODUCT_BUNDLE_IDENTIFIER = freleap.testvideoappTests;
				PRODUCT_NAME = "$(TARGET_NAME)";
				SWIFT_VERSION = 5.0;
				TARGETED_DEVICE_FAMILY = "1,2";
				TEST_HOST = "$(BUILT_PRODUCTS_DIR)/testvideoapp.app/testvideoapp";
			};
			name = Release;
		};
		81DDD75A2452EEFF00A899E4 /* Debug */ = {
			isa = XCBuildConfiguration;
			buildSettings = {
				ALWAYS_EMBED_SWIFT_STANDARD_LIBRARIES = YES;
				CODE_SIGN_STYLE = Automatic;
				INFOPLIST_FILE = testvideoappUITests/Info.plist;
				LD_RUNPATH_SEARCH_PATHS = (
					"$(inherited)",
					"@executable_path/Frameworks",
					"@loader_path/Frameworks",
				);
				PRODUCT_BUNDLE_IDENTIFIER = freleap.testvideoappUITests;
				PRODUCT_NAME = "$(TARGET_NAME)";
				SWIFT_VERSION = 5.0;
				TARGETED_DEVICE_FAMILY = "1,2";
				TEST_TARGET_NAME = testvideoapp;
			};
			name = Debug;
		};
		81DDD75B2452EEFF00A899E4 /* Release */ = {
			isa = XCBuildConfiguration;
			buildSettings = {
				ALWAYS_EMBED_SWIFT_STANDARD_LIBRARIES = YES;
				CODE_SIGN_STYLE = Automatic;
				INFOPLIST_FILE = testvideoappUITests/Info.plist;
				LD_RUNPATH_SEARCH_PATHS = (
					"$(inherited)",
					"@executable_path/Frameworks",
					"@loader_path/Frameworks",
				);
				PRODUCT_BUNDLE_IDENTIFIER = freleap.testvideoappUITests;
				PRODUCT_NAME = "$(TARGET_NAME)";
				SWIFT_VERSION = 5.0;
				TARGETED_DEVICE_FAMILY = "1,2";
				TEST_TARGET_NAME = testvideoapp;
			};
			name = Release;
		};
/* End XCBuildConfiguration section */

/* Begin XCConfigurationList section */
		81DDD7242452EEFC00A899E4 /* Build configuration list for PBXProject "testvideoapp" */ = {
			isa = XCConfigurationList;
			buildConfigurations = (
				81DDD7512452EEFF00A899E4 /* Debug */,
				81DDD7522452EEFF00A899E4 /* Release */,
			);
			defaultConfigurationIsVisible = 0;
			defaultConfigurationName = Release;
		};
		81DDD7532452EEFF00A899E4 /* Build configuration list for PBXNativeTarget "testvideoapp" */ = {
			isa = XCConfigurationList;
			buildConfigurations = (
				81DDD7542452EEFF00A899E4 /* Debug */,
				81DDD7552452EEFF00A899E4 /* Release */,
			);
			defaultConfigurationIsVisible = 0;
			defaultConfigurationName = Release;
		};
		81DDD7562452EEFF00A899E4 /* Build configuration list for PBXNativeTarget "testvideoappTests" */ = {
			isa = XCConfigurationList;
			buildConfigurations = (
				81DDD7572452EEFF00A899E4 /* Debug */,
				81DDD7582452EEFF00A899E4 /* Release */,
			);
			defaultConfigurationIsVisible = 0;
			defaultConfigurationName = Release;
		};
		81DDD7592452EEFF00A899E4 /* Build configuration list for PBXNativeTarget "testvideoappUITests" */ = {
			isa = XCConfigurationList;
			buildConfigurations = (
				81DDD75A2452EEFF00A899E4 /* Debug */,
				81DDD75B2452EEFF00A899E4 /* Release */,
			);
			defaultConfigurationIsVisible = 0;
			defaultConfigurationName = Release;
		};
/* End XCConfigurationList section */
	};
	rootObject = 81DDD7212452EEFC00A899E4 /* Project object */;
}
